
Microsoft Visual Studio Solution File, Format Version 12.00
# Visual Studio 14
VisualStudioVersion = 14.0.25123.0
MinimumVisualStudioVersion = 10.0.40219.1
Project("{FAE04EC0-301F-11D3-BF4B-00C04F79EFBC}") = "NugetPromoter", "NugetPromoter\NugetPromoter.csproj", "{B699C173-E4B0-419F-88ED-886142DA94DA}"
EndProject
Global
	GlobalSection(SolutionConfigurationPlatforms) = preSolution
		Debug|Any CPU = Debug|Any CPU
		Release|Any CPU = Release|Any CPU
	EndGlobalSection
	GlobalSection(ProjectConfigurationPlatforms) = postSolution
		{B699C173-E4B0-419F-88ED-886142DA94DA}.Debug|Any CPU.ActiveCfg = Debug|Any CPU
		{B699C173-E4B0-419F-88ED-886142DA94DA}.Debug|Any CPU.Build.0 = Debug|Any CPU
		{B699C173-E4B0-419F-88ED-886142DA94DA}.Release|Any CPU.ActiveCfg = Release|Any CPU
		{B699C173-E4B0-419F-88ED-886142DA94DA}.Release|Any CPU.Build.0 = Release|Any CPU
	EndGlobalSection
	GlobalSection(SolutionProperties) = preSolution
		HideSolutionNode = FALSE
	EndGlobalSection
	GlobalSection(TeamFoundationVersionControl) = preSolution
		SccNumberOfProjects = 2
		SccEnterpriseProvider = {4CA58AB2-18FA-4F8D-95D4-32DDF27D184C}
		SccTeamFoundationServer = http://tfs:8080/tfs/xeriuscollection
		SccLocalPath0 = .
		SccProjectUniqueName1 = NugetPromoter\\NugetPromoter.csproj
		SccProjectName1 = NugetPromoter
		SccLocalPath1 = NugetPromoter
	EndGlobalSection
EndGlobal
